
Microsoft Visual Studio Solution File, Format Version 12.00
# Visual Studio Version 17
VisualStudioVersion = 17.5.33530.505
MinimumVisualStudioVersion = 10.0.40219.1
Project("{FAE04EC0-301F-11D3-BF4B-00C04F79EFBC}") = "LarastruckingApp", "LarastruckingApp\LarastruckingApp.csproj", "{5EDD0C73-27C5-4D12-911C-84522AB40D3F}"
EndProject
Project("{FAE04EC0-301F-11D3-BF4B-00C04F79EFBC}") = "LarastruckingApp.BAL", "LarastruckingApp.BusinessLayer\LarastruckingApp.BAL.csproj", "{D7A6084F-3E84-4D2C-ABC8-2FD915DF00B5}"
EndProject
Project("{FAE04EC0-301F-11D3-BF4B-00C04F79EFBC}") = "LarastruckingApp.DAL", "LarastruckingApp.DAL\LarastruckingApp.DAL.csproj", "{14E65EC6-5CC5-4C50-821C-9753CE919775}"
EndProject
Project("{FAE04EC0-301F-11D3-BF4B-00C04F79EFBC}") = "LarastruckingApp.DTO", "LarastruckingApp.Entities\LarastruckingApp.DTO.csproj", "{B4C68573-F80A-49C3-BB97-38954EA69879}"
EndProject
Project("{FAE04EC0-301F-11D3-BF4B-00C04F79EFBC}") = "LarastruckingApp.Utility", "LarastruckingApp.Log\LarastruckingApp.Utility.csproj", "{174ED21B-989F-4332-90D0-E7B5B65CD94B}"
EndProject
Project("{FAE04EC0-301F-11D3-BF4B-00C04F79EFBC}") = "LarastruckingApp.Resource", "LarastruckingApp.Resource\LarastruckingApp.Resource.csproj", "{C7148821-96C6-462D-B2FC-4767821B1A12}"
EndProject
Project("{00D1A9C2-B5F0-4AF3-8072-F6C62B433612}") = "LarastruckingApp.SSDT", "LarastruckingApp.SSDT\LarastruckingApp.SSDT.sqlproj", "{805FE8CA-2C70-4326-B973-B5524F350868}"
EndProject
Project("{FAE04EC0-301F-11D3-BF4B-00C04F79EFBC}") = "LarastruckingApp.Repository", "LarastruckingApp.Repository\LarastruckingApp.Repository.csproj", "{75C2A08A-F534-4463-8023-FA53D19E2266}"
EndProject
Global
	GlobalSection(SolutionConfigurationPlatforms) = preSolution
		Debug|Any CPU = Debug|Any CPU
		Debug|x86 = Debug|x86
		LarasDebug|Any CPU = LarasDebug|Any CPU
		LarasDebug|x86 = LarasDebug|x86
		Release|Any CPU = Release|Any CPU
		Release|x86 = Release|x86
	EndGlobalSection
	GlobalSection(ProjectConfigurationPlatforms) = postSolution
		{5EDD0C73-27C5-4D12-911C-84522AB40D3F}.Debug|Any CPU.ActiveCfg = Debug|Any CPU
		{5EDD0C73-27C5-4D12-911C-84522AB40D3F}.Debug|Any CPU.Build.0 = Debug|Any CPU
		{5EDD0C73-27C5-4D12-911C-84522AB40D3F}.Debug|x86.ActiveCfg = Debug|x86
		{5EDD0C73-27C5-4D12-911C-84522AB40D3F}.Debug|x86.Build.0 = Debug|x86
		{5EDD0C73-27C5-4D12-911C-84522AB40D3F}.LarasDebug|Any CPU.ActiveCfg = LarasDebug|Any CPU
		{5EDD0C73-27C5-4D12-911C-84522AB40D3F}.LarasDebug|Any CPU.Build.0 = LarasDebug|Any CPU
		{5EDD0C73-27C5-4D12-911C-84522AB40D3F}.LarasDebug|x86.ActiveCfg = LarasDebug|x86
		{5EDD0C73-27C5-4D12-911C-84522AB40D3F}.LarasDebug|x86.Build.0 = LarasDebug|x86
		{5EDD0C73-27C5-4D12-911C-84522AB40D3F}.Release|Any CPU.ActiveCfg = Release|Any CPU
		{5EDD0C73-27C5-4D12-911C-84522AB40D3F}.Release|Any CPU.Build.0 = Release|Any CPU
		{5EDD0C73-27C5-4D12-911C-84522AB40D3F}.Release|x86.ActiveCfg = Release|x86
		{5EDD0C73-27C5-4D12-911C-84522AB40D3F}.Release|x86.Build.0 = Release|x86
		{D7A6084F-3E84-4D2C-ABC8-2FD915DF00B5}.Debug|Any CPU.ActiveCfg = Debug|Any CPU
		{D7A6084F-3E84-4D2C-ABC8-2FD915DF00B5}.Debug|Any CPU.Build.0 = Debug|Any CPU
		{D7A6084F-3E84-4D2C-ABC8-2FD915DF00B5}.Debug|x86.ActiveCfg = Debug|x86
		{D7A6084F-3E84-4D2C-ABC8-2FD915DF00B5}.Debug|x86.Build.0 = Debug|x86
		{D7A6084F-3E84-4D2C-ABC8-2FD915DF00B5}.LarasDebug|Any CPU.ActiveCfg = LarasDebug|Any CPU
		{D7A6084F-3E84-4D2C-ABC8-2FD915DF00B5}.LarasDebug|Any CPU.Build.0 = LarasDebug|Any CPU
		{D7A6084F-3E84-4D2C-ABC8-2FD915DF00B5}.LarasDebug|x86.ActiveCfg = LarasDebug|x86
		{D7A6084F-3E84-4D2C-ABC8-2FD915DF00B5}.LarasDebug|x86.Build.0 = LarasDebug|x86
		{D7A6084F-3E84-4D2C-ABC8-2FD915DF00B5}.Release|Any CPU.ActiveCfg = Release|Any CPU
		{D7A6084F-3E84-4D2C-ABC8-2FD915DF00B5}.Release|Any CPU.Build.0 = Release|Any CPU
		{D7A6084F-3E84-4D2C-ABC8-2FD915DF00B5}.Release|x86.ActiveCfg = Release|x86
		{D7A6084F-3E84-4D2C-ABC8-2FD915DF00B5}.Release|x86.Build.0 = Release|x86
		{14E65EC6-5CC5-4C50-821C-9753CE919775}.Debug|Any CPU.ActiveCfg = Debug|Any CPU
		{14E65EC6-5CC5-4C50-821C-9753CE919775}.Debug|Any CPU.Build.0 = Debug|Any CPU
		{14E65EC6-5CC5-4C50-821C-9753CE919775}.Debug|x86.ActiveCfg = Debug|x86
		{14E65EC6-5CC5-4C50-821C-9753CE919775}.Debug|x86.Build.0 = Debug|x86
		{14E65EC6-5CC5-4C50-821C-9753CE919775}.LarasDebug|Any CPU.ActiveCfg = LarasDebug|Any CPU
		{14E65EC6-5CC5-4C50-821C-9753CE919775}.LarasDebug|Any CPU.Build.0 = LarasDebug|Any CPU
		{14E65EC6-5CC5-4C50-821C-9753CE919775}.LarasDebug|x86.ActiveCfg = LarasDebug|x86
		{14E65EC6-5CC5-4C50-821C-9753CE919775}.LarasDebug|x86.Build.0 = LarasDebug|x86
		{14E65EC6-5CC5-4C50-821C-9753CE919775}.Release|Any CPU.ActiveCfg = Release|Any CPU
		{14E65EC6-5CC5-4C50-821C-9753CE919775}.Release|Any CPU.Build.0 = Release|Any CPU
		{14E65EC6-5CC5-4C50-821C-9753CE919775}.Release|x86.ActiveCfg = Release|x86
		{14E65EC6-5CC5-4C50-821C-9753CE919775}.Release|x86.Build.0 = Release|x86
		{B4C68573-F80A-49C3-BB97-38954EA69879}.Debug|Any CPU.ActiveCfg = Debug|Any CPU
		{B4C68573-F80A-49C3-BB97-38954EA69879}.Debug|Any CPU.Build.0 = Debug|Any CPU
		{B4C68573-F80A-49C3-BB97-38954EA69879}.Debug|x86.ActiveCfg = Debug|x86
		{B4C68573-F80A-49C3-BB97-38954EA69879}.Debug|x86.Build.0 = Debug|x86
		{B4C68573-F80A-49C3-BB97-38954EA69879}.LarasDebug|Any CPU.ActiveCfg = LarasDebug|Any CPU
		{B4C68573-F80A-49C3-BB97-38954EA69879}.LarasDebug|Any CPU.Build.0 = LarasDebug|Any CPU
		{B4C68573-F80A-49C3-BB97-38954EA69879}.LarasDebug|x86.ActiveCfg = LarasDebug|x86
		{B4C68573-F80A-49C3-BB97-38954EA69879}.LarasDebug|x86.Build.0 = LarasDebug|x86
		{B4C68573-F80A-49C3-BB97-38954EA69879}.Release|Any CPU.ActiveCfg = Release|Any CPU
		{B4C68573-F80A-49C3-BB97-38954EA69879}.Release|Any CPU.Build.0 = Release|Any CPU
		{B4C68573-F80A-49C3-BB97-38954EA69879}.Release|x86.ActiveCfg = Release|x86
		{B4C68573-F80A-49C3-BB97-38954EA69879}.Release|x86.Build.0 = Release|x86
		{174ED21B-989F-4332-90D0-E7B5B65CD94B}.Debug|Any CPU.ActiveCfg = Debug|Any CPU
		{174ED21B-989F-4332-90D0-E7B5B65CD94B}.Debug|Any CPU.Build.0 = Debug|Any CPU
		{174ED21B-989F-4332-90D0-E7B5B65CD94B}.Debug|x86.ActiveCfg = Debug|x86
		{174ED21B-989F-4332-90D0-E7B5B65CD94B}.Debug|x86.Build.0 = Debug|x86
		{174ED21B-989F-4332-90D0-E7B5B65CD94B}.LarasDebug|Any CPU.ActiveCfg = LarasDebug|Any CPU
		{174ED21B-989F-4332-90D0-E7B5B65CD94B}.LarasDebug|Any CPU.Build.0 = LarasDebug|Any CPU
		{174ED21B-989F-4332-90D0-E7B5B65CD94B}.LarasDebug|x86.ActiveCfg = LarasDebug|x86
		{174ED21B-989F-4332-90D0-E7B5B65CD94B}.LarasDebug|x86.Build.0 = LarasDebug|x86
		{174ED21B-989F-4332-90D0-E7B5B65CD94B}.Release|Any CPU.ActiveCfg = Release|Any CPU
		{174ED21B-989F-4332-90D0-E7B5B65CD94B}.Release|Any CPU.Build.0 = Release|Any CPU
		{174ED21B-989F-4332-90D0-E7B5B65CD94B}.Release|x86.ActiveCfg = Release|x86
		{174ED21B-989F-4332-90D0-E7B5B65CD94B}.Release|x86.Build.0 = Release|x86
		{C7148821-96C6-462D-B2FC-4767821B1A12}.Debug|Any CPU.ActiveCfg = Debug|Any CPU
		{C7148821-96C6-462D-B2FC-4767821B1A12}.Debug|Any CPU.Build.0 = Debug|Any CPU
		{C7148821-96C6-462D-B2FC-4767821B1A12}.Debug|x86.ActiveCfg = Debug|x86
		{C7148821-96C6-462D-B2FC-4767821B1A12}.Debug|x86.Build.0 = Debug|x86
		{C7148821-96C6-462D-B2FC-4767821B1A12}.LarasDebug|Any CPU.ActiveCfg = LarasDebug|Any CPU
		{C7148821-96C6-462D-B2FC-4767821B1A12}.LarasDebug|Any CPU.Build.0 = LarasDebug|Any CPU
		{C7148821-96C6-462D-B2FC-4767821B1A12}.LarasDebug|x86.ActiveCfg = LarasDebug|x86
		{C7148821-96C6-462D-B2FC-4767821B1A12}.LarasDebug|x86.Build.0 = LarasDebug|x86
		{C7148821-96C6-462D-B2FC-4767821B1A12}.Release|Any CPU.ActiveCfg = Release|Any CPU
		{C7148821-96C6-462D-B2FC-4767821B1A12}.Release|Any CPU.Build.0 = Release|Any CPU
		{C7148821-96C6-462D-B2FC-4767821B1A12}.Release|x86.ActiveCfg = Release|x86
		{C7148821-96C6-462D-B2FC-4767821B1A12}.Release|x86.Build.0 = Release|x86
		{805FE8CA-2C70-4326-B973-B5524F350868}.Debug|Any CPU.ActiveCfg = Debug|Any CPU
		{805FE8CA-2C70-4326-B973-B5524F350868}.Debug|Any CPU.Build.0 = Debug|Any CPU
		{805FE8CA-2C70-4326-B973-B5524F350868}.Debug|Any CPU.Deploy.0 = Debug|Any CPU
		{805FE8CA-2C70-4326-B973-B5524F350868}.Debug|x86.ActiveCfg = Debug|Any CPU
		{805FE8CA-2C70-4326-B973-B5524F350868}.Debug|x86.Build.0 = Debug|Any CPU
		{805FE8CA-2C70-4326-B973-B5524F350868}.Debug|x86.Deploy.0 = Debug|Any CPU
		{805FE8CA-2C70-4326-B973-B5524F350868}.LarasDebug|Any CPU.ActiveCfg = LarasDebug|Any CPU
		{805FE8CA-2C70-4326-B973-B5524F350868}.LarasDebug|Any CPU.Build.0 = LarasDebug|Any CPU
		{805FE8CA-2C70-4326-B973-B5524F350868}.LarasDebug|Any CPU.Deploy.0 = LarasDebug|Any CPU
		{805FE8CA-2C70-4326-B973-B5524F350868}.LarasDebug|x86.ActiveCfg = LarasDebug|Any CPU
		{805FE8CA-2C70-4326-B973-B5524F350868}.LarasDebug|x86.Build.0 = LarasDebug|Any CPU
		{805FE8CA-2C70-4326-B973-B5524F350868}.LarasDebug|x86.Deploy.0 = LarasDebug|Any CPU
		{805FE8CA-2C70-4326-B973-B5524F350868}.Release|Any CPU.ActiveCfg = Release|Any CPU
		{805FE8CA-2C70-4326-B973-B5524F350868}.Release|Any CPU.Build.0 = Release|Any CPU
		{805FE8CA-2C70-4326-B973-B5524F350868}.Release|Any CPU.Deploy.0 = Release|Any CPU
		{805FE8CA-2C70-4326-B973-B5524F350868}.Release|x86.ActiveCfg = Release|x86
		{805FE8CA-2C70-4326-B973-B5524F350868}.Release|x86.Build.0 = Release|x86
		{805FE8CA-2C70-4326-B973-B5524F350868}.Release|x86.Deploy.0 = Release|x86
		{75C2A08A-F534-4463-8023-FA53D19E2266}.Debug|Any CPU.ActiveCfg = Debug|Any CPU
		{75C2A08A-F534-4463-8023-FA53D19E2266}.Debug|Any CPU.Build.0 = Debug|Any CPU
		{75C2A08A-F534-4463-8023-FA53D19E2266}.Debug|x86.ActiveCfg = Debug|x86
		{75C2A08A-F534-4463-8023-FA53D19E2266}.Debug|x86.Build.0 = Debug|x86
		{75C2A08A-F534-4463-8023-FA53D19E2266}.LarasDebug|Any CPU.ActiveCfg = LarasDebug|Any CPU
		{75C2A08A-F534-4463-8023-FA53D19E2266}.LarasDebug|Any CPU.Build.0 = LarasDebug|Any CPU
		{75C2A08A-F534-4463-8023-FA53D19E2266}.LarasDebug|x86.ActiveCfg = LarasDebug|x86
		{75C2A08A-F534-4463-8023-FA53D19E2266}.LarasDebug|x86.Build.0 = LarasDebug|x86
		{75C2A08A-F534-4463-8023-FA53D19E2266}.Release|Any CPU.ActiveCfg = Release|Any CPU
		{75C2A08A-F534-4463-8023-FA53D19E2266}.Release|Any CPU.Build.0 = Release|Any CPU
		{75C2A08A-F534-4463-8023-FA53D19E2266}.Release|x86.ActiveCfg = Release|x86
		{75C2A08A-F534-4463-8023-FA53D19E2266}.Release|x86.Build.0 = Release|x86
	EndGlobalSection
	GlobalSection(SolutionProperties) = preSolution
		HideSolutionNode = FALSE
	EndGlobalSection
	GlobalSection(ExtensibilityGlobals) = postSolution
		SolutionGuid = {846DC3D0-ADBF-4CD3-8DC5-DBE5D556F380}
	EndGlobalSection
EndGlobal
